
Microsoft Visual Studio Solution File, Format Version 12.00
Project("{FAE04EC0-301F-11D3-BF4B-00C04F79EFBC}") = "EventsPublisher", "EventsPublisher\EventsPublisher.csproj", "{0D994A0D-B761-45C1-9CA5-F82F95CA6EA5}"
EndProject
Project("{2150E333-8FDC-42A3-9474-1A3956D46DE8}") = "Solution Items", "Solution Items", "{438F814C-759F-4C77-9004-E97D991B8445}"
	ProjectSection(SolutionItems) = preProject
		docker-compose.yml = docker-compose.yml
	EndProjectSection
EndProject
Project("{FAE04EC0-301F-11D3-BF4B-00C04F79EFBC}") = "EventsConsumer", "EventsConsumer\EventsConsumer.csproj", "{A8F5A826-7BB4-4E2B-AC8D-0DD21B51D22B}"
EndProject
Project("{FAE04EC0-301F-11D3-BF4B-00C04F79EFBC}") = "Core", "Core\Core.csproj", "{BAFBCA17-5AC4-4507-9898-1C4FE965C35E}"
EndProject
Project("{FAE04EC0-301F-11D3-BF4B-00C04F79EFBC}") = "AssetPricePublisher", "AssetPricePublisher\AssetPricePublisher.csproj", "{BD03AFF6-1708-4B6F-9BA7-572B3E4D9285}"
EndProject
Global
	GlobalSection(SolutionConfigurationPlatforms) = preSolution
		Debug|Any CPU = Debug|Any CPU
		Release|Any CPU = Release|Any CPU
	EndGlobalSection
	GlobalSection(ProjectConfigurationPlatforms) = postSolution
		{0D994A0D-B761-45C1-9CA5-F82F95CA6EA5}.Debug|Any CPU.ActiveCfg = Debug|Any CPU
		{0D994A0D-B761-45C1-9CA5-F82F95CA6EA5}.Debug|Any CPU.Build.0 = Debug|Any CPU
		{0D994A0D-B761-45C1-9CA5-F82F95CA6EA5}.Release|Any CPU.ActiveCfg = Release|Any CPU
		{0D994A0D-B761-45C1-9CA5-F82F95CA6EA5}.Release|Any CPU.Build.0 = Release|Any CPU
		{A8F5A826-7BB4-4E2B-AC8D-0DD21B51D22B}.Debug|Any CPU.ActiveCfg = Debug|Any CPU
		{A8F5A826-7BB4-4E2B-AC8D-0DD21B51D22B}.Debug|Any CPU.Build.0 = Debug|Any CPU
		{A8F5A826-7BB4-4E2B-AC8D-0DD21B51D22B}.Release|Any CPU.ActiveCfg = Release|Any CPU
		{A8F5A826-7BB4-4E2B-AC8D-0DD21B51D22B}.Release|Any CPU.Build.0 = Release|Any CPU
		{BAFBCA17-5AC4-4507-9898-1C4FE965C35E}.Debug|Any CPU.ActiveCfg = Debug|Any CPU
		{BAFBCA17-5AC4-4507-9898-1C4FE965C35E}.Debug|Any CPU.Build.0 = Debug|Any CPU
		{BAFBCA17-5AC4-4507-9898-1C4FE965C35E}.Release|Any CPU.ActiveCfg = Release|Any CPU
		{BAFBCA17-5AC4-4507-9898-1C4FE965C35E}.Release|Any CPU.Build.0 = Release|Any CPU
		{BD03AFF6-1708-4B6F-9BA7-572B3E4D9285}.Debug|Any CPU.ActiveCfg = Debug|Any CPU
		{BD03AFF6-1708-4B6F-9BA7-572B3E4D9285}.Debug|Any CPU.Build.0 = Debug|Any CPU
		{BD03AFF6-1708-4B6F-9BA7-572B3E4D9285}.Release|Any CPU.ActiveCfg = Release|Any CPU
		{BD03AFF6-1708-4B6F-9BA7-572B3E4D9285}.Release|Any CPU.Build.0 = Release|Any CPU
	EndGlobalSection
	GlobalSection(NestedProjects) = preSolution
	EndGlobalSection
EndGlobal
